
Microsoft Visual Studio Solution File, Format Version 12.00
# Visual Studio Version 16
VisualStudioVersion = 16.0.32228.343
MinimumVisualStudioVersion = 10.0.40219.1
Project("{FAE04EC0-301F-11D3-BF4B-00C04F79EFBC}") = "MIPZ_1", "MIPZ_1\MIPZ_1.csproj", "{130AA29A-377F-407C-94ED-B15A056B9885}"
EndProject
Global
	GlobalSection(SolutionConfigurationPlatforms) = preSolution
		Debug|Any CPU = Debug|Any CPU
		Release|Any CPU = Release|Any CPU
	EndGlobalSection
	GlobalSection(ProjectConfigurationPlatforms) = postSolution
		{130AA29A-377F-407C-94ED-B15A056B9885}.Debug|Any CPU.ActiveCfg = Debug|Any CPU
		{130AA29A-377F-407C-94ED-B15A056B9885}.Debug|Any CPU.Build.0 = Debug|Any CPU
		{130AA29A-377F-407C-94ED-B15A056B9885}.Release|Any CPU.ActiveCfg = Release|Any CPU
		{130AA29A-377F-407C-94ED-B15A056B9885}.Release|Any CPU.Build.0 = Release|Any CPU
	EndGlobalSection
	GlobalSection(SolutionProperties) = preSolution
		HideSolutionNode = FALSE
	EndGlobalSection
	GlobalSection(ExtensibilityGlobals) = postSolution
		SolutionGuid = {EED6ADC0-497B-44B6-8112-01AA2C3CCAC0}
	EndGlobalSection
EndGlobal
